
Microsoft Visual Studio Solution File, Format Version 12.00
# Visual Studio 15
VisualStudioVersion = 15.0.27004.2006
MinimumVisualStudioVersion = 10.0.40219.1
Project("{FAE04EC0-301F-11D3-BF4B-00C04F79EFBC}") = "Aula07-Heranca", "Aula07-Heranca\Aula07-Heranca.csproj", "{801B0619-400E-4ADD-906F-7E3E371D4F1C}"
EndProject
Project("{FAE04EC0-301F-11D3-BF4B-00C04F79EFBC}") = "Construtores", "Construtores\Construtores.csproj", "{B38174C9-2EAF-4D2F-92D7-212A411333D1}"
EndProject
Project("{FAE04EC0-301F-11D3-BF4B-00C04F79EFBC}") = "Exercicio", "Exercicio\Exercicio.csproj", "{B0E17502-BB76-439F-A6F4-2B76FD59CCF7}"
EndProject
Global
	GlobalSection(SolutionConfigurationPlatforms) = preSolution
		Debug|Any CPU = Debug|Any CPU
		Release|Any CPU = Release|Any CPU
	EndGlobalSection
	GlobalSection(ProjectConfigurationPlatforms) = postSolution
		{801B0619-400E-4ADD-906F-7E3E371D4F1C}.Debug|Any CPU.ActiveCfg = Debug|Any CPU
		{801B0619-400E-4ADD-906F-7E3E371D4F1C}.Debug|Any CPU.Build.0 = Debug|Any CPU
		{801B0619-400E-4ADD-906F-7E3E371D4F1C}.Release|Any CPU.ActiveCfg = Release|Any CPU
		{801B0619-400E-4ADD-906F-7E3E371D4F1C}.Release|Any CPU.Build.0 = Release|Any CPU
		{B38174C9-2EAF-4D2F-92D7-212A411333D1}.Debug|Any CPU.ActiveCfg = Debug|Any CPU
		{B38174C9-2EAF-4D2F-92D7-212A411333D1}.Debug|Any CPU.Build.0 = Debug|Any CPU
		{B38174C9-2EAF-4D2F-92D7-212A411333D1}.Release|Any CPU.ActiveCfg = Release|Any CPU
		{B38174C9-2EAF-4D2F-92D7-212A411333D1}.Release|Any CPU.Build.0 = Release|Any CPU
		{B0E17502-BB76-439F-A6F4-2B76FD59CCF7}.Debug|Any CPU.ActiveCfg = Debug|Any CPU
		{B0E17502-BB76-439F-A6F4-2B76FD59CCF7}.Debug|Any CPU.Build.0 = Debug|Any CPU
		{B0E17502-BB76-439F-A6F4-2B76FD59CCF7}.Release|Any CPU.ActiveCfg = Release|Any CPU
		{B0E17502-BB76-439F-A6F4-2B76FD59CCF7}.Release|Any CPU.Build.0 = Release|Any CPU
	EndGlobalSection
	GlobalSection(SolutionProperties) = preSolution
		HideSolutionNode = FALSE
	EndGlobalSection
	GlobalSection(ExtensibilityGlobals) = postSolution
		SolutionGuid = {E4AECC4F-4F08-4136-9FA0-5AAE30A8A7A8}
	EndGlobalSection
EndGlobal
